
Microsoft Visual Studio Solution File, Format Version 12.00
# Visual Studio 15
VisualStudioVersion = 15.0.28307.1062
MinimumVisualStudioVersion = 10.0.40219.1
Project("{FAE04EC0-301F-11D3-BF4B-00C04F79EFBC}") = "CharacterCreatorMenu", "CharacterCreatorMenu\CharacterCreatorMenu.csproj", "{56169828-ADE7-436A-AF6C-662268E5673D}"
EndProject
Global
	GlobalSection(SolutionConfigurationPlatforms) = preSolution
		Debug|Any CPU = Debug|Any CPU
		Release|Any CPU = Release|Any CPU
	EndGlobalSection
	GlobalSection(ProjectConfigurationPlatforms) = postSolution
		{56169828-ADE7-436A-AF6C-662268E5673D}.Debug|Any CPU.ActiveCfg = Debug|Any CPU
		{56169828-ADE7-436A-AF6C-662268E5673D}.Debug|Any CPU.Build.0 = Debug|Any CPU
		{56169828-ADE7-436A-AF6C-662268E5673D}.Release|Any CPU.ActiveCfg = Release|Any CPU
		{56169828-ADE7-436A-AF6C-662268E5673D}.Release|Any CPU.Build.0 = Release|Any CPU
	EndGlobalSection
	GlobalSection(SolutionProperties) = preSolution
		HideSolutionNode = FALSE
	EndGlobalSection
	GlobalSection(ExtensibilityGlobals) = postSolution
		SolutionGuid = {1A6BB6B1-D565-47F1-81E7-0F35F5C38989}
	EndGlobalSection
EndGlobal
